
Microsoft Visual Studio Solution File, Format Version 12.00
# Visual Studio 2012
Project("{f2a71f9b-5d33-465a-a702-920d77279786}") = "QueryExpressionTest", "QueryExpressionTest\QueryExpressionTest.fsproj", "{6BACEBD9-9F35-4CC6-958C-72FE6C5DA17B}"
EndProject
Project("{FAE04EC0-301F-11D3-BF4B-00C04F79EFBC}") = "QueryExpressionTest.Models", "QueryExpressionTest.Models\QueryExpressionTest.Models.csproj", "{05A7D7CB-A3C1-4781-8C47-F2E7872F1AFE}"
EndProject
Project("{FAE04EC0-301F-11D3-BF4B-00C04F79EFBC}") = "QueryExpressionTest.CSharp", "QueryExpressionTest.CSharp\QueryExpressionTest.CSharp.csproj", "{3F9B22FA-AE86-4130-9902-E58886AB6B53}"
EndProject
Global
	GlobalSection(SolutionConfigurationPlatforms) = preSolution
		Debug|Any CPU = Debug|Any CPU
		Release|Any CPU = Release|Any CPU
	EndGlobalSection
	GlobalSection(ProjectConfigurationPlatforms) = postSolution
		{6BACEBD9-9F35-4CC6-958C-72FE6C5DA17B}.Debug|Any CPU.ActiveCfg = Debug|Any CPU
		{6BACEBD9-9F35-4CC6-958C-72FE6C5DA17B}.Debug|Any CPU.Build.0 = Debug|Any CPU
		{6BACEBD9-9F35-4CC6-958C-72FE6C5DA17B}.Release|Any CPU.ActiveCfg = Release|Any CPU
		{6BACEBD9-9F35-4CC6-958C-72FE6C5DA17B}.Release|Any CPU.Build.0 = Release|Any CPU
		{05A7D7CB-A3C1-4781-8C47-F2E7872F1AFE}.Debug|Any CPU.ActiveCfg = Debug|Any CPU
		{05A7D7CB-A3C1-4781-8C47-F2E7872F1AFE}.Debug|Any CPU.Build.0 = Debug|Any CPU
		{05A7D7CB-A3C1-4781-8C47-F2E7872F1AFE}.Release|Any CPU.ActiveCfg = Release|Any CPU
		{05A7D7CB-A3C1-4781-8C47-F2E7872F1AFE}.Release|Any CPU.Build.0 = Release|Any CPU
		{3F9B22FA-AE86-4130-9902-E58886AB6B53}.Debug|Any CPU.ActiveCfg = Debug|Any CPU
		{3F9B22FA-AE86-4130-9902-E58886AB6B53}.Debug|Any CPU.Build.0 = Debug|Any CPU
		{3F9B22FA-AE86-4130-9902-E58886AB6B53}.Release|Any CPU.ActiveCfg = Release|Any CPU
		{3F9B22FA-AE86-4130-9902-E58886AB6B53}.Release|Any CPU.Build.0 = Release|Any CPU
	EndGlobalSection
EndGlobal
